
Microsoft Visual Studio Solution File, Format Version 12.00
# Visual Studio Version 17
VisualStudioVersion = 17.0.31903.59
MinimumVisualStudioVersion = 10.0.40219.1
Project("{FAE04EC0-301F-11D3-BF4B-00C04F79EFBC}") = "Presentation", "Presentation\Presentation.csproj", "{7D938320-2A9D-418E-98C5-A6B3F65B9806}"
EndProject
Project("{FAE04EC0-301F-11D3-BF4B-00C04F79EFBC}") = "Application", "Application\Application.csproj", "{DFE6D93E-F518-4984-9C20-6A8CD119F2EA}"
EndProject
Project("{FAE04EC0-301F-11D3-BF4B-00C04F79EFBC}") = "Domain", "Domain\Domain.csproj", "{C52C028A-8F83-4F27-AD49-4369AEFF6C89}"
EndProject
Project("{FAE04EC0-301F-11D3-BF4B-00C04F79EFBC}") = "Infrastructure", "Infrastructure\Infrastructure.csproj", "{75181E6B-AD9E-4F9D-B0E3-48968EAABE8C}"
EndProject
Global
	GlobalSection(SolutionConfigurationPlatforms) = preSolution
		Debug|Any CPU = Debug|Any CPU
		Debug|x64 = Debug|x64
		Debug|x86 = Debug|x86
		Release|Any CPU = Release|Any CPU
		Release|x64 = Release|x64
		Release|x86 = Release|x86
	EndGlobalSection
	GlobalSection(ProjectConfigurationPlatforms) = postSolution
		{7D938320-2A9D-418E-98C5-A6B3F65B9806}.Debug|Any CPU.ActiveCfg = Debug|Any CPU
		{7D938320-2A9D-418E-98C5-A6B3F65B9806}.Debug|Any CPU.Build.0 = Debug|Any CPU
		{7D938320-2A9D-418E-98C5-A6B3F65B9806}.Debug|x64.ActiveCfg = Debug|Any CPU
		{7D938320-2A9D-418E-98C5-A6B3F65B9806}.Debug|x64.Build.0 = Debug|Any CPU
		{7D938320-2A9D-418E-98C5-A6B3F65B9806}.Debug|x86.ActiveCfg = Debug|Any CPU
		{7D938320-2A9D-418E-98C5-A6B3F65B9806}.Debug|x86.Build.0 = Debug|Any CPU
		{7D938320-2A9D-418E-98C5-A6B3F65B9806}.Release|Any CPU.ActiveCfg = Release|Any CPU
		{7D938320-2A9D-418E-98C5-A6B3F65B9806}.Release|Any CPU.Build.0 = Release|Any CPU
		{7D938320-2A9D-418E-98C5-A6B3F65B9806}.Release|x64.ActiveCfg = Release|Any CPU
		{7D938320-2A9D-418E-98C5-A6B3F65B9806}.Release|x64.Build.0 = Release|Any CPU
		{7D938320-2A9D-418E-98C5-A6B3F65B9806}.Release|x86.ActiveCfg = Release|Any CPU
		{7D938320-2A9D-418E-98C5-A6B3F65B9806}.Release|x86.Build.0 = Release|Any CPU
		{DFE6D93E-F518-4984-9C20-6A8CD119F2EA}.Debug|Any CPU.ActiveCfg = Debug|Any CPU
		{DFE6D93E-F518-4984-9C20-6A8CD119F2EA}.Debug|Any CPU.Build.0 = Debug|Any CPU
		{DFE6D93E-F518-4984-9C20-6A8CD119F2EA}.Debug|x64.ActiveCfg = Debug|Any CPU
		{DFE6D93E-F518-4984-9C20-6A8CD119F2EA}.Debug|x64.Build.0 = Debug|Any CPU
		{DFE6D93E-F518-4984-9C20-6A8CD119F2EA}.Debug|x86.ActiveCfg = Debug|Any CPU
		{DFE6D93E-F518-4984-9C20-6A8CD119F2EA}.Debug|x86.Build.0 = Debug|Any CPU
		{DFE6D93E-F518-4984-9C20-6A8CD119F2EA}.Release|Any CPU.ActiveCfg = Release|Any CPU
		{DFE6D93E-F518-4984-9C20-6A8CD119F2EA}.Release|Any CPU.Build.0 = Release|Any CPU
		{DFE6D93E-F518-4984-9C20-6A8CD119F2EA}.Release|x64.ActiveCfg = Release|Any CPU
		{DFE6D93E-F518-4984-9C20-6A8CD119F2EA}.Release|x64.Build.0 = Release|Any CPU
		{DFE6D93E-F518-4984-9C20-6A8CD119F2EA}.Release|x86.ActiveCfg = Release|Any CPU
		{DFE6D93E-F518-4984-9C20-6A8CD119F2EA}.Release|x86.Build.0 = Release|Any CPU
		{C52C028A-8F83-4F27-AD49-4369AEFF6C89}.Debug|Any CPU.ActiveCfg = Debug|Any CPU
		{C52C028A-8F83-4F27-AD49-4369AEFF6C89}.Debug|Any CPU.Build.0 = Debug|Any CPU
		{C52C028A-8F83-4F27-AD49-4369AEFF6C89}.Debug|x64.ActiveCfg = Debug|Any CPU
		{C52C028A-8F83-4F27-AD49-4369AEFF6C89}.Debug|x64.Build.0 = Debug|Any CPU
		{C52C028A-8F83-4F27-AD49-4369AEFF6C89}.Debug|x86.ActiveCfg = Debug|Any CPU
		{C52C028A-8F83-4F27-AD49-4369AEFF6C89}.Debug|x86.Build.0 = Debug|Any CPU
		{C52C028A-8F83-4F27-AD49-4369AEFF6C89}.Release|Any CPU.ActiveCfg = Release|Any CPU
		{C52C028A-8F83-4F27-AD49-4369AEFF6C89}.Release|Any CPU.Build.0 = Release|Any CPU
		{C52C028A-8F83-4F27-AD49-4369AEFF6C89}.Release|x64.ActiveCfg = Release|Any CPU
		{C52C028A-8F83-4F27-AD49-4369AEFF6C89}.Release|x64.Build.0 = Release|Any CPU
		{C52C028A-8F83-4F27-AD49-4369AEFF6C89}.Release|x86.ActiveCfg = Release|Any CPU
		{C52C028A-8F83-4F27-AD49-4369AEFF6C89}.Release|x86.Build.0 = Release|Any CPU
		{75181E6B-AD9E-4F9D-B0E3-48968EAABE8C}.Debug|Any CPU.ActiveCfg = Debug|Any CPU
		{75181E6B-AD9E-4F9D-B0E3-48968EAABE8C}.Debug|Any CPU.Build.0 = Debug|Any CPU
		{75181E6B-AD9E-4F9D-B0E3-48968EAABE8C}.Debug|x64.ActiveCfg = Debug|Any CPU
		{75181E6B-AD9E-4F9D-B0E3-48968EAABE8C}.Debug|x64.Build.0 = Debug|Any CPU
		{75181E6B-AD9E-4F9D-B0E3-48968EAABE8C}.Debug|x86.ActiveCfg = Debug|Any CPU
		{75181E6B-AD9E-4F9D-B0E3-48968EAABE8C}.Debug|x86.Build.0 = Debug|Any CPU
		{75181E6B-AD9E-4F9D-B0E3-48968EAABE8C}.Release|Any CPU.ActiveCfg = Release|Any CPU
		{75181E6B-AD9E-4F9D-B0E3-48968EAABE8C}.Release|Any CPU.Build.0 = Release|Any CPU
		{75181E6B-AD9E-4F9D-B0E3-48968EAABE8C}.Release|x64.ActiveCfg = Release|Any CPU
		{75181E6B-AD9E-4F9D-B0E3-48968EAABE8C}.Release|x64.Build.0 = Release|Any CPU
		{75181E6B-AD9E-4F9D-B0E3-48968EAABE8C}.Release|x86.ActiveCfg = Release|Any CPU
		{75181E6B-AD9E-4F9D-B0E3-48968EAABE8C}.Release|x86.Build.0 = Release|Any CPU
	EndGlobalSection
	GlobalSection(SolutionProperties) = preSolution
		HideSolutionNode = FALSE
	EndGlobalSection
EndGlobal
